// !$*UTF8*$!
{
	archiveVersion = 1;
	classes = {
	};
	objectVersion = 46;
	objects = {

/* Begin PBXBuildFile section */
		C2D87EA3195E6062007046B1 /* Foundation.framework in Frameworks */ = {isa = PBXBuildFile; fileRef = C2D87EA2195E6062007046B1 /* Foundation.framework */; };
		C2D87EA5195E6062007046B1 /* CoreGraphics.framework in Frameworks */ = {isa = PBXBuildFile; fileRef = C2D87EA4195E6062007046B1 /* CoreGraphics.framework */; };
		C2D87EA7195E6062007046B1 /* UIKit.framework in Frameworks */ = {isa = PBXBuildFile; fileRef = C2D87EA6195E6062007046B1 /* UIKit.framework */; };
		C2D87EAD195E6062007046B1 /* InfoPlist.strings in Resources */ = {isa = PBXBuildFile; fileRef = C2D87EAB195E6062007046B1 /* InfoPlist.strings */; };
		C2D87EAF195E6062007046B1 /* main.m in Sources */ = {isa = PBXBuildFile; fileRef = C2D87EAE195E6062007046B1 /* main.m */; };
		C2D87EB3195E6062007046B1 /* SNAppDelegate.m in Sources */ = {isa = PBXBuildFile; fileRef = C2D87EB2195E6062007046B1 /* SNAppDelegate.m */; };
		C2D87EB5195E6062007046B1 /* Images.xcassets in Resources */ = {isa = PBXBuildFile; fileRef = C2D87EB4195E6062007046B1 /* Images.xcassets */; };
		C2D87EBC195E6062007046B1 /* XCTest.framework in Frameworks */ = {isa = PBXBuildFile; fileRef = C2D87EBB195E6062007046B1 /* XCTest.framework */; };
		C2D87EBD195E6062007046B1 /* Foundation.framework in Frameworks */ = {isa = PBXBuildFile; fileRef = C2D87EA2195E6062007046B1 /* Foundation.framework */; };
		C2D87EBE195E6062007046B1 /* UIKit.framework in Frameworks */ = {isa = PBXBuildFile; fileRef = C2D87EA6195E6062007046B1 /* UIKit.framework */; };
		C2D87EC6195E6062007046B1 /* InfoPlist.strings in Resources */ = {isa = PBXBuildFile; fileRef = C2D87EC4195E6062007046B1 /* InfoPlist.strings */; };
		C2D87EC8195E6062007046B1 /* ShadowNewsTests.m in Sources */ = {isa = PBXBuildFile; fileRef = C2D87EC7195E6062007046B1 /* ShadowNewsTests.m */; };
/* End PBXBuildFile section */

/* Begin PBXContainerItemProxy section */
		C2D87EBF195E6062007046B1 /* PBXContainerItemProxy */ = {
			isa = PBXContainerItemProxy;
			containerPortal = C2D87E97195E6062007046B1 /* Project object */;
			proxyType = 1;
			remoteGlobalIDString = C2D87E9E195E6062007046B1;
			remoteInfo = ShadowNews;
		};
/* End PBXContainerItemProxy section */

/* Begin PBXFileReference section */
		C2D87E9F195E6062007046B1 /* ShadowNews.app */ = {isa = PBXFileReference; explicitFileType = wrapper.application; includeInIndex = 0; path = ShadowNews.app; sourceTree = BUILT_PRODUCTS_DIR; };
		C2D87EA2195E6062007046B1 /* Foundation.framework */ = {isa = PBXFileReference; lastKnownFileType = wrapper.framework; name = Foundation.framework; path = System/Library/Frameworks/Foundation.framework; sourceTree = SDKROOT; };
		C2D87EA4195E6062007046B1 /* CoreGraphics.framework */ = {isa = PBXFileReference; lastKnownFileType = wrapper.framework; name = CoreGraphics.framework; path = System/Library/Frameworks/CoreGraphics.framework; sourceTree = SDKROOT; };
		C2D87EA6195E6062007046B1 /* UIKit.framework */ = {isa = PBXFileReference; lastKnownFileType = wrapper.framework; name = UIKit.framework; path = System/Library/Frameworks/UIKit.framework; sourceTree = SDKROOT; };
		C2D87EAA195E6062007046B1 /* ShadowNews-Info.plist */ = {isa = PBXFileReference; lastKnownFileType = text.plist.xml; path = "ShadowNews-Info.plist"; sourceTree = "<group>"; };
		C2D87EAC195E6062007046B1 /* en */ = {isa = PBXFileReference; lastKnownFileType = text.plist.strings; name = en; path = en.lproj/InfoPlist.strings; sourceTree = "<group>"; };
		C2D87EAE195E6062007046B1 /* main.m */ = {isa = PBXFileReference; lastKnownFileType = sourcecode.c.objc; path = main.m; sourceTree = "<group>"; };
		C2D87EB0195E6062007046B1 /* ShadowNews-Prefix.pch */ = {isa = PBXFileReference; lastKnownFileType = sourcecode.c.h; path = "ShadowNews-Prefix.pch"; sourceTree = "<group>"; };
		C2D87EB1195E6062007046B1 /* SNAppDelegate.h */ = {isa = PBXFileReference; lastKnownFileType = sourcecode.c.h; path = SNAppDelegate.h; sourceTree = "<group>"; };
		C2D87EB2195E6062007046B1 /* SNAppDelegate.m */ = {isa = PBXFileReference; lastKnownFileType = sourcecode.c.objc; path = SNAppDelegate.m; sourceTree = "<group>"; };
		C2D87EB4195E6062007046B1 /* Images.xcassets */ = {isa = PBXFileReference; lastKnownFileType = folder.assetcatalog; path = Images.xcassets; sourceTree = "<group>"; };
		C2D87EBA195E6062007046B1 /* ShadowNewsTests.xctest */ = {isa = PBXFileReference; explicitFileType = wrapper.cfbundle; includeInIndex = 0; path = ShadowNewsTests.xctest; sourceTree = BUILT_PRODUCTS_DIR; };
		C2D87EBB195E6062007046B1 /* XCTest.framework */ = {isa = PBXFileReference; lastKnownFileType = wrapper.framework; name = XCTest.framework; path = Library/Frameworks/XCTest.framework; sourceTree = DEVELOPER_DIR; };
		C2D87EC3195E6062007046B1 /* ShadowNewsTests-Info.plist */ = {isa = PBXFileReference; lastKnownFileType = text.plist.xml; path = "ShadowNewsTests-Info.plist"; sourceTree = "<group>"; };
		C2D87EC5195E6062007046B1 /* en */ = {isa = PBXFileReference; lastKnownFileType = text.plist.strings; name = en; path = en.lproj/InfoPlist.strings; sourceTree = "<group>"; };
		C2D87EC7195E6062007046B1 /* ShadowNewsTests.m */ = {isa = PBXFileReference; lastKnownFileType = sourcecode.c.objc; path = ShadowNewsTests.m; sourceTree = "<group>"; };
/* End PBXFileReference section */

/* Begin PBXFrameworksBuildPhase section */
		C2D87E9C195E6062007046B1 /* Frameworks */ = {
			isa = PBXFrameworksBuildPhase;
			buildActionMask = 2147483647;
			files = (
				C2D87EA5195E6062007046B1 /* CoreGraphics.framework in Frameworks */,
				C2D87EA7195E6062007046B1 /* UIKit.framework in Frameworks */,
				C2D87EA3195E6062007046B1 /* Foundation.framework in Frameworks */,
			);
			runOnlyForDeploymentPostprocessing = 0;
		};
		C2D87EB7195E6062007046B1 /* Frameworks */ = {
			isa = PBXFrameworksBuildPhase;
			buildActionMask = 2147483647;
			files = (
				C2D87EBC195E6062007046B1 /* XCTest.framework in Frameworks */,
				C2D87EBE195E6062007046B1 /* UIKit.framework in Frameworks */,
				C2D87EBD195E6062007046B1 /* Foundation.framework in Frameworks */,
			);
			runOnlyForDeploymentPostprocessing = 0;
		};
/* End PBXFrameworksBuildPhase section */

/* Begin PBXGroup section */
		C2D87E96195E6062007046B1 = {
			isa = PBXGroup;
			children = (
				C2D87EA8195E6062007046B1 /* ShadowNews */,
				C2D87EC1195E6062007046B1 /* ShadowNewsTests */,
				C2D87EA1195E6062007046B1 /* Frameworks */,
				C2D87EA0195E6062007046B1 /* Products */,
			);
			sourceTree = "<group>";
		};
		C2D87EA0195E6062007046B1 /* Products */ = {
			isa = PBXGroup;
			children = (
				C2D87E9F195E6062007046B1 /* ShadowNews.app */,
				C2D87EBA195E6062007046B1 /* ShadowNewsTests.xctest */,
			);
			name = Products;
			sourceTree = "<group>";
		};
		C2D87EA1195E6062007046B1 /* Frameworks */ = {
			isa = PBXGroup;
			children = (
				C2D87EA2195E6062007046B1 /* Foundation.framework */,
				C2D87EA4195E6062007046B1 /* CoreGraphics.framework */,
				C2D87EA6195E6062007046B1 /* UIKit.framework */,
				C2D87EBB195E6062007046B1 /* XCTest.framework */,
			);
			name = Frameworks;
			sourceTree = "<group>";
		};
		C2D87EA8195E6062007046B1 /* ShadowNews */ = {
			isa = PBXGroup;
			children = (
				C2D87EB1195E6062007046B1 /* SNAppDelegate.h */,
				C2D87EB2195E6062007046B1 /* SNAppDelegate.m */,
				C2D87EB4195E6062007046B1 /* Images.xcassets */,
				C2D87EA9195E6062007046B1 /* Supporting Files */,
			);
			path = ShadowNews;
			sourceTree = "<group>";
		};
		C2D87EA9195E6062007046B1 /* Supporting Files */ = {
			isa = PBXGroup;
			children = (
				C2D87EAA195E6062007046B1 /* ShadowNews-Info.plist */,
				C2D87EAB195E6062007046B1 /* InfoPlist.strings */,
				C2D87EAE195E6062007046B1 /* main.m */,
				C2D87EB0195E6062007046B1 /* ShadowNews-Prefix.pch */,
			);
			name = "Supporting Files";
			sourceTree = "<group>";
		};
		C2D87EC1195E6062007046B1 /* ShadowNewsTests */ = {
			isa = PBXGroup;
			children = (
				C2D87EC7195E6062007046B1 /* ShadowNewsTests.m */,
				C2D87EC2195E6062007046B1 /* Supporting Files */,
			);
			path = ShadowNewsTests;
			sourceTree = "<group>";
		};
		C2D87EC2195E6062007046B1 /* Supporting Files */ = {
			isa = PBXGroup;
			children = (
				C2D87EC3195E6062007046B1 /* ShadowNewsTests-Info.plist */,
				C2D87EC4195E6062007046B1 /* InfoPlist.strings */,
			);
			name = "Supporting Files";
			sourceTree = "<group>";
		};
/* End PBXGroup section */

/* Begin PBXNativeTarget section */
		C2D87E9E195E6062007046B1 /* ShadowNews */ = {
			isa = PBXNativeTarget;
			buildConfigurationList = C2D87ECB195E6062007046B1 /* Build configuration list for PBXNativeTarget "ShadowNews" */;
			buildPhases = (
				C2D87E9B195E6062007046B1 /* Sources */,
				C2D87E9C195E6062007046B1 /* Frameworks */,
				C2D87E9D195E6062007046B1 /* Resources */,
			);
			buildRules = (
			);
			dependencies = (
			);
			name = ShadowNews;
			productName = ShadowNews;
			productReference = C2D87E9F195E6062007046B1 /* ShadowNews.app */;
			productType = "com.apple.product-type.application";
		};
		C2D87EB9195E6062007046B1 /* ShadowNewsTests */ = {
			isa = PBXNativeTarget;
			buildConfigurationList = C2D87ECE195E6062007046B1 /* Build configuration list for PBXNativeTarget "ShadowNewsTests" */;
			buildPhases = (
				C2D87EB6195E6062007046B1 /* Sources */,
				C2D87EB7195E6062007046B1 /* Frameworks */,
				C2D87EB8195E6062007046B1 /* Resources */,
			);
			buildRules = (
			);
			dependencies = (
				C2D87EC0195E6062007046B1 /* PBXTargetDependency */,
			);
			name = ShadowNewsTests;
			productName = ShadowNewsTests;
			productReference = C2D87EBA195E6062007046B1 /* ShadowNewsTests.xctest */;
			productType = "com.apple.product-type.bundle.unit-test";
		};
/* End PBXNativeTarget section */

/* Begin PBXProject section */
		C2D87E97195E6062007046B1 /* Project object */ = {
			isa = PBXProject;
			attributes = {
				CLASSPREFIX = SN;
				LastUpgradeCheck = 0510;
				ORGANIZATIONNAME = Shadow;
				TargetAttributes = {
					C2D87EB9195E6062007046B1 = {
						TestTargetID = C2D87E9E195E6062007046B1;
					};
				};
			};
			buildConfigurationList = C2D87E9A195E6062007046B1 /* Build configuration list for PBXProject "ShadowNews" */;
			compatibilityVersion = "Xcode 3.2";
			developmentRegion = English;
			hasScannedForEncodings = 0;
			knownRegions = (
				en,
			);
			mainGroup = C2D87E96195E6062007046B1;
			productRefGroup = C2D87EA0195E6062007046B1 /* Products */;
			projectDirPath = "";
			projectRoot = "";
			targets = (
				C2D87E9E195E6062007046B1 /* ShadowNews */,
				C2D87EB9195E6062007046B1 /* ShadowNewsTests */,
			);
		};
/* End PBXProject section */

/* Begin PBXResourcesBuildPhase section */
		C2D87E9D195E6062007046B1 /* Resources */ = {
			isa = PBXResourcesBuildPhase;
			buildActionMask = 2147483647;
			files = (
				C2D87EAD195E6062007046B1 /* InfoPlist.strings in Resources */,
				C2D87EB5195E6062007046B1 /* Images.xcassets in Resources */,
			);
			runOnlyForDeploymentPostprocessing = 0;
		};
		C2D87EB8195E6062007046B1 /* Resources */ = {
			isa = PBXResourcesBuildPhase;
			buildActionMask = 2147483647;
			files = (
				C2D87EC6195E6062007046B1 /* InfoPlist.strings in Resources */,
			);
			runOnlyForDeploymentPostprocessing = 0;
		};
/* End PBXResourcesBuildPhase section */

/* Begin PBXSourcesBuildPhase section */
		C2D87E9B195E6062007046B1 /* Sources */ = {
			isa = PBXSourcesBuildPhase;
			buildActionMask = 2147483647;
			files = (
				C2D87EAF195E6062007046B1 /* main.m in Sources */,
				C2D87EB3195E6062007046B1 /* SNAppDelegate.m in Sources */,
			);
			runOnlyForDeploymentPostprocessing = 0;
		};
		C2D87EB6195E6062007046B1 /* Sources */ = {
			isa = PBXSourcesBuildPhase;
			buildActionMask = 2147483647;
			files = (
				C2D87EC8195E6062007046B1 /* ShadowNewsTests.m in Sources */,
			);
			runOnlyForDeploymentPostprocessing = 0;
		};
/* End PBXSourcesBuildPhase section */

/* Begin PBXTargetDependency section */
		C2D87EC0195E6062007046B1 /* PBXTargetDependency */ = {
			isa = PBXTargetDependency;
			target = C2D87E9E195E6062007046B1 /* ShadowNews */;
			targetProxy = C2D87EBF195E6062007046B1 /* PBXContainerItemProxy */;
		};
/* End PBXTargetDependency section */

/* Begin PBXVariantGroup section */
		C2D87EAB195E6062007046B1 /* InfoPlist.strings */ = {
			isa = PBXVariantGroup;
			children = (
				C2D87EAC195E6062007046B1 /* en */,
			);
			name = InfoPlist.strings;
			sourceTree = "<group>";
		};
		C2D87EC4195E6062007046B1 /* InfoPlist.strings */ = {
			isa = PBXVariantGroup;
			children = (
				C2D87EC5195E6062007046B1 /* en */,
			);
			name = InfoPlist.strings;
			sourceTree = "<group>";
		};
/* End PBXVariantGroup section */

/* Begin XCBuildConfiguration section */
		C2D87EC9195E6062007046B1 /* Debug */ = {
			isa = XCBuildConfiguration;
			buildSettings = {
				ALWAYS_SEARCH_USER_PATHS = NO;
				CLANG_CXX_LANGUAGE_STANDARD = "gnu++0x";
				CLANG_CXX_LIBRARY = "libc++";
				CLANG_ENABLE_MODULES = YES;
				CLANG_ENABLE_OBJC_ARC = YES;
				CLANG_WARN_BOOL_CONVERSION = YES;
				CLANG_WARN_CONSTANT_CONVERSION = YES;
				CLANG_WARN_DIRECT_OBJC_ISA_USAGE = YES_ERROR;
				CLANG_WARN_EMPTY_BODY = YES;
				CLANG_WARN_ENUM_CONVERSION = YES;
				CLANG_WARN_INT_CONVERSION = YES;
				CLANG_WARN_OBJC_ROOT_CLASS = YES_ERROR;
				CLANG_WARN__DUPLICATE_METHOD_MATCH = YES;
				"CODE_SIGN_IDENTITY[sdk=iphoneos*]" = "iPhone Developer";
				COPY_PHASE_STRIP = NO;
				GCC_C_LANGUAGE_STANDARD = gnu99;
				GCC_DYNAMIC_NO_PIC = NO;
				GCC_OPTIMIZATION_LEVEL = 0;
				GCC_PREPROCESSOR_DEFINITIONS = (
					"DEBUG=1",
					"$(inherited)",
				);
				GCC_SYMBOLS_PRIVATE_EXTERN = NO;
				GCC_WARN_64_TO_32_BIT_CONVERSION = YES;
				GCC_WARN_ABOUT_RETURN_TYPE = YES_ERROR;
				GCC_WARN_UNDECLARED_SELECTOR = YES;
				GCC_WARN_UNINITIALIZED_AUTOS = YES_AGGRESSIVE;
				GCC_WARN_UNUSED_FUNCTION = YES;
				GCC_WARN_UNUSED_VARIABLE = YES;
				IPHONEOS_DEPLOYMENT_TARGET = 7.1;
				ONLY_ACTIVE_ARCH = YES;
				SDKROOT = iphoneos;
			};
			name = Debug;
		};
		C2D87ECA195E6062007046B1 /* Release */ = {
			isa = XCBuildConfiguration;
			buildSettings = {
				ALWAYS_SEARCH_USER_PATHS = NO;
				CLANG_CXX_LANGUAGE_STANDARD = "gnu++0x";
				CLANG_CXX_LIBRARY = "libc++";
				CLANG_ENABLE_MODULES = YES;
				CLANG_ENABLE_OBJC_ARC = YES;
				CLANG_WARN_BOOL_CONVERSION = YES;
				CLANG_WARN_CONSTANT_CONVERSION = YES;
				CLANG_WARN_DIRECT_OBJC_ISA_USAGE = YES_ERROR;
				CLANG_WARN_EMPTY_BODY = YES;
				CLANG_WARN_ENUM_CONVERSION = YES;
				CLANG_WARN_INT_CONVERSION = YES;
				CLANG_WARN_OBJC_ROOT_CLASS = YES_ERROR;
				CLANG_WARN__DUPLICATE_METHOD_MATCH = YES;
				"CODE_SIGN_IDENTITY[sdk=iphoneos*]" = "iPhone Developer";
				COPY_PHASE_STRIP = YES;
				ENABLE_NS_ASSERTIONS = NO;
				GCC_C_LANGUAGE_STANDARD = gnu99;
				GCC_WARN_64_TO_32_BIT_CONVERSION = YES;
				GCC_WARN_ABOUT_RETURN_TYPE = YES_ERROR;
				GCC_WARN_UNDECLARED_SELECTOR = YES;
				GCC_WARN_UNINITIALIZED_AUTOS = YES_AGGRESSIVE;
				GCC_WARN_UNUSED_FUNCTION = YES;
				GCC_WARN_UNUSED_VARIABLE = YES;
				IPHONEOS_DEPLOYMENT_TARGET = 7.1;
				SDKROOT = iphoneos;
				VALIDATE_PRODUCT = YES;
			};
			name = Release;
		};
		C2D87ECC195E6062007046B1 /* Debug */ = {
			isa = XCBuildConfiguration;
			buildSettings = {
				ASSETCATALOG_COMPILER_APPICON_NAME = AppIcon;
				ASSETCATALOG_COMPILER_LAUNCHIMAGE_NAME = LaunchImage;
				GCC_PRECOMPILE_PREFIX_HEADER = YES;
				GCC_PREFIX_HEADER = "ShadowNews/ShadowNews-Prefix.pch";
				INFOPLIST_FILE = "ShadowNews/ShadowNews-Info.plist";
				PRODUCT_NAME = "$(TARGET_NAME)";
				WRAPPER_EXTENSION = app;
			};
			name = Debug;
		};
		C2D87ECD195E6062007046B1 /* Release */ = {
			isa = XCBuildConfiguration;
			buildSettings = {
				ASSETCATALOG_COMPILER_APPICON_NAME = AppIcon;
				ASSETCATALOG_COMPILER_LAUNCHIMAGE_NAME = LaunchImage;
				GCC_PRECOMPILE_PREFIX_HEADER = YES;
				GCC_PREFIX_HEADER = "ShadowNews/ShadowNews-Prefix.pch";
				INFOPLIST_FILE = "ShadowNews/ShadowNews-Info.plist";
				PRODUCT_NAME = "$(TARGET_NAME)";
				WRAPPER_EXTENSION = app;
			};
			name = Release;
		};
		C2D87ECF195E6062007046B1 /* Debug */ = {
			isa = XCBuildConfiguration;
			buildSettings = {
				BUNDLE_LOADER = "$(BUILT_PRODUCTS_DIR)/ShadowNews.app/ShadowNews";
				FRAMEWORK_SEARCH_PATHS = (
					"$(SDKROOT)/Developer/Library/Frameworks",
					"$(inherited)",
					"$(DEVELOPER_FRAMEWORKS_DIR)",
				);
				GCC_PRECOMPILE_PREFIX_HEADER = YES;
				GCC_PREFIX_HEADER = "ShadowNews/ShadowNews-Prefix.pch";
				GCC_PREPROCESSOR_DEFINITIONS = (
					"DEBUG=1",
					"$(inherited)",
				);
				INFOPLIST_FILE = "ShadowNewsTests/ShadowNewsTests-Info.plist";
				PRODUCT_NAME = "$(TARGET_NAME)";
				TEST_HOST = "$(BUNDLE_LOADER)";
				WRAPPER_EXTENSION = xctest;
			};
			name = Debug;
		};
		C2D87ED0195E6062007046B1 /* Release */ = {
			isa = XCBuildConfiguration;
			buildSettings = {
				BUNDLE_LOADER = "$(BUILT_PRODUCTS_DIR)/ShadowNews.app/ShadowNews";
				FRAMEWORK_SEARCH_PATHS = (
					"$(SDKROOT)/Developer/Library/Frameworks",
					"$(inherited)",
					"$(DEVELOPER_FRAMEWORKS_DIR)",
				);
				GCC_PRECOMPILE_PREFIX_HEADER = YES;
				GCC_PREFIX_HEADER = "ShadowNews/ShadowNews-Prefix.pch";
				INFOPLIST_FILE = "ShadowNewsTests/ShadowNewsTests-Info.plist";
				PRODUCT_NAME = "$(TARGET_NAME)";
				TEST_HOST = "$(BUNDLE_LOADER)";
				WRAPPER_EXTENSION = xctest;
			};
			name = Release;
		};
/* End XCBuildConfiguration section */

/* Begin XCConfigurationList section */
		C2D87E9A195E6062007046B1 /* Build configuration list for PBXProject "ShadowNews" */ = {
			isa = XCConfigurationList;
			buildConfigurations = (
				C2D87EC9195E6062007046B1 /* Debug */,
				C2D87ECA195E6062007046B1 /* Release */,
			);
			defaultConfigurationIsVisible = 0;
			defaultConfigurationName = Release;
		};
		C2D87ECB195E6062007046B1 /* Build configuration list for PBXNativeTarget "ShadowNews" */ = {
			isa = XCConfigurationList;
			buildConfigurations = (
				C2D87ECC195E6062007046B1 /* Debug */,
				C2D87ECD195E6062007046B1 /* Release */,
			);
			defaultConfigurationIsVisible = 0;
		};
		C2D87ECE195E6062007046B1 /* Build configuration list for PBXNativeTarget "ShadowNewsTests" */ = {
			isa = XCConfigurationList;
			buildConfigurations = (
				C2D87ECF195E6062007046B1 /* Debug */,
				C2D87ED0195E6062007046B1 /* Release */,
			);
			defaultConfigurationIsVisible = 0;
		};
/* End XCConfigurationList section */
	};
	rootObject = C2D87E97195E6062007046B1 /* Project object */;
}
